// !$*UTF8*$!
{
	archiveVersion = 1;
	classes = {
	};
	objectVersion = 50;
	objects = {

/* Begin PBXBuildFile section */
		CD2CC63026C3C9F600E7EFEA /* AppDelegate.swift in Sources */ = {isa = PBXBuildFile; fileRef = CD2CC62F26C3C9F600E7EFEA /* AppDelegate.swift */; };
		CD2CC63226C3C9F600E7EFEA /* SceneDelegate.swift in Sources */ = {isa = PBXBuildFile; fileRef = CD2CC63126C3C9F600E7EFEA /* SceneDelegate.swift */; };
		CD2CC63426C3C9F600E7EFEA /* ViewController.swift in Sources */ = {isa = PBXBuildFile; fileRef = CD2CC63326C3C9F600E7EFEA /* ViewController.swift */; };
		CD2CC63726C3C9F600E7EFEA /* Main.storyboard in Resources */ = {isa = PBXBuildFile; fileRef = CD2CC63526C3C9F600E7EFEA /* Main.storyboard */; };
		CD2CC63926C3C9F700E7EFEA /* Assets.xcassets in Resources */ = {isa = PBXBuildFile; fileRef = CD2CC63826C3C9F700E7EFEA /* Assets.xcassets */; };
		CD2CC63C26C3C9F700E7EFEA /* LaunchScreen.storyboard in Resources */ = {isa = PBXBuildFile; fileRef = CD2CC63A26C3C9F700E7EFEA /* LaunchScreen.storyboard */; };
		CD2CC64726C3C9F800E7EFEA /* ItsuDareGameTests.swift in Sources */ = {isa = PBXBuildFile; fileRef = CD2CC64626C3C9F800E7EFEA /* ItsuDareGameTests.swift */; };
		CD2CC65226C3C9F800E7EFEA /* ItsuDareGameUITests.swift in Sources */ = {isa = PBXBuildFile; fileRef = CD2CC65126C3C9F800E7EFEA /* ItsuDareGameUITests.swift */; };
/* End PBXBuildFile section */

/* Begin PBXContainerItemProxy section */
		CD2CC64326C3C9F800E7EFEA /* PBXContainerItemProxy */ = {
			isa = PBXContainerItemProxy;
			containerPortal = CD2CC62426C3C9F600E7EFEA /* Project object */;
			proxyType = 1;
			remoteGlobalIDString = CD2CC62B26C3C9F600E7EFEA;
			remoteInfo = ItsuDareGame;
		};
		CD2CC64E26C3C9F800E7EFEA /* PBXContainerItemProxy */ = {
			isa = PBXContainerItemProxy;
			containerPortal = CD2CC62426C3C9F600E7EFEA /* Project object */;
			proxyType = 1;
			remoteGlobalIDString = CD2CC62B26C3C9F600E7EFEA;
			remoteInfo = ItsuDareGame;
		};
/* End PBXContainerItemProxy section */

/* Begin PBXFileReference section */
		CD2CC62C26C3C9F600E7EFEA /* ItsuDareGame.app */ = {isa = PBXFileReference; explicitFileType = wrapper.application; includeInIndex = 0; path = ItsuDareGame.app; sourceTree = BUILT_PRODUCTS_DIR; };
		CD2CC62F26C3C9F600E7EFEA /* AppDelegate.swift */ = {isa = PBXFileReference; lastKnownFileType = sourcecode.swift; path = AppDelegate.swift; sourceTree = "<group>"; };
		CD2CC63126C3C9F600E7EFEA /* SceneDelegate.swift */ = {isa = PBXFileReference; lastKnownFileType = sourcecode.swift; path = SceneDelegate.swift; sourceTree = "<group>"; };
		CD2CC63326C3C9F600E7EFEA /* ViewController.swift */ = {isa = PBXFileReference; lastKnownFileType = sourcecode.swift; path = ViewController.swift; sourceTree = "<group>"; };
		CD2CC63626C3C9F600E7EFEA /* Base */ = {isa = PBXFileReference; lastKnownFileType = file.storyboard; name = Base; path = Base.lproj/Main.storyboard; sourceTree = "<group>"; };
		CD2CC63826C3C9F700E7EFEA /* Assets.xcassets */ = {isa = PBXFileReference; lastKnownFileType = folder.assetcatalog; path = Assets.xcassets; sourceTree = "<group>"; };
		CD2CC63B26C3C9F700E7EFEA /* Base */ = {isa = PBXFileReference; lastKnownFileType = file.storyboard; name = Base; path = Base.lproj/LaunchScreen.storyboard; sourceTree = "<group>"; };
		CD2CC63D26C3C9F700E7EFEA /* Info.plist */ = {isa = PBXFileReference; lastKnownFileType = text.plist.xml; path = Info.plist; sourceTree = "<group>"; };
		CD2CC64226C3C9F800E7EFEA /* ItsuDareGameTests.xctest */ = {isa = PBXFileReference; explicitFileType = wrapper.cfbundle; includeInIndex = 0; path = ItsuDareGameTests.xctest; sourceTree = BUILT_PRODUCTS_DIR; };
		CD2CC64626C3C9F800E7EFEA /* ItsuDareGameTests.swift */ = {isa = PBXFileReference; lastKnownFileType = sourcecode.swift; path = ItsuDareGameTests.swift; sourceTree = "<group>"; };
		CD2CC64826C3C9F800E7EFEA /* Info.plist */ = {isa = PBXFileReference; lastKnownFileType = text.plist.xml; path = Info.plist; sourceTree = "<group>"; };
		CD2CC64D26C3C9F800E7EFEA /* ItsuDareGameUITests.xctest */ = {isa = PBXFileReference; explicitFileType = wrapper.cfbundle; includeInIndex = 0; path = ItsuDareGameUITests.xctest; sourceTree = BUILT_PRODUCTS_DIR; };
		CD2CC65126C3C9F800E7EFEA /* ItsuDareGameUITests.swift */ = {isa = PBXFileReference; lastKnownFileType = sourcecode.swift; path = ItsuDareGameUITests.swift; sourceTree = "<group>"; };
		CD2CC65326C3C9F800E7EFEA /* Info.plist */ = {isa = PBXFileReference; lastKnownFileType = text.plist.xml; path = Info.plist; sourceTree = "<group>"; };
/* End PBXFileReference section */

/* Begin PBXFrameworksBuildPhase section */
		CD2CC62926C3C9F600E7EFEA /* Frameworks */ = {
			isa = PBXFrameworksBuildPhase;
			buildActionMask = 2147483647;
			files = (
			);
			runOnlyForDeploymentPostprocessing = 0;
		};
		CD2CC63F26C3C9F700E7EFEA /* Frameworks */ = {
			isa = PBXFrameworksBuildPhase;
			buildActionMask = 2147483647;
			files = (
			);
			runOnlyForDeploymentPostprocessing = 0;
		};
		CD2CC64A26C3C9F800E7EFEA /* Frameworks */ = {
			isa = PBXFrameworksBuildPhase;
			buildActionMask = 2147483647;
			files = (
			);
			runOnlyForDeploymentPostprocessing = 0;
		};
/* End PBXFrameworksBuildPhase section */

/* Begin PBXGroup section */
		CD2CC62326C3C9F600E7EFEA = {
			isa = PBXGroup;
			children = (
				CD2CC62E26C3C9F600E7EFEA /* ItsuDareGame */,
				CD2CC64526C3C9F800E7EFEA /* ItsuDareGameTests */,
				CD2CC65026C3C9F800E7EFEA /* ItsuDareGameUITests */,
				CD2CC62D26C3C9F600E7EFEA /* Products */,
			);
			sourceTree = "<group>";
		};
		CD2CC62D26C3C9F600E7EFEA /* Products */ = {
			isa = PBXGroup;
			children = (
				CD2CC62C26C3C9F600E7EFEA /* ItsuDareGame.app */,
				CD2CC64226C3C9F800E7EFEA /* ItsuDareGameTests.xctest */,
				CD2CC64D26C3C9F800E7EFEA /* ItsuDareGameUITests.xctest */,
			);
			name = Products;
			sourceTree = "<group>";
		};
		CD2CC62E26C3C9F600E7EFEA /* ItsuDareGame */ = {
			isa = PBXGroup;
			children = (
				CD2CC62F26C3C9F600E7EFEA /* AppDelegate.swift */,
				CD2CC63126C3C9F600E7EFEA /* SceneDelegate.swift */,
				CD2CC63326C3C9F600E7EFEA /* ViewController.swift */,
				CD2CC63526C3C9F600E7EFEA /* Main.storyboard */,
				CD2CC63826C3C9F700E7EFEA /* Assets.xcassets */,
				CD2CC63A26C3C9F700E7EFEA /* LaunchScreen.storyboard */,
				CD2CC63D26C3C9F700E7EFEA /* Info.plist */,
			);
			path = ItsuDareGame;
			sourceTree = "<group>";
		};
		CD2CC64526C3C9F800E7EFEA /* ItsuDareGameTests */ = {
			isa = PBXGroup;
			children = (
				CD2CC64626C3C9F800E7EFEA /* ItsuDareGameTests.swift */,
				CD2CC64826C3C9F800E7EFEA /* Info.plist */,
			);
			path = ItsuDareGameTests;
			sourceTree = "<group>";
		};
		CD2CC65026C3C9F800E7EFEA /* ItsuDareGameUITests */ = {
			isa = PBXGroup;
			children = (
				CD2CC65126C3C9F800E7EFEA /* ItsuDareGameUITests.swift */,
				CD2CC65326C3C9F800E7EFEA /* Info.plist */,
			);
			path = ItsuDareGameUITests;
			sourceTree = "<group>";
		};
/* End PBXGroup section */

/* Begin PBXNativeTarget section */
		CD2CC62B26C3C9F600E7EFEA /* ItsuDareGame */ = {
			isa = PBXNativeTarget;
			buildConfigurationList = CD2CC65626C3C9F800E7EFEA /* Build configuration list for PBXNativeTarget "ItsuDareGame" */;
			buildPhases = (
				CD2CC62826C3C9F600E7EFEA /* Sources */,
				CD2CC62926C3C9F600E7EFEA /* Frameworks */,
				CD2CC62A26C3C9F600E7EFEA /* Resources */,
			);
			buildRules = (
			);
			dependencies = (
			);
			name = ItsuDareGame;
			productName = ItsuDareGame;
			productReference = CD2CC62C26C3C9F600E7EFEA /* ItsuDareGame.app */;
			productType = "com.apple.product-type.application";
		};
		CD2CC64126C3C9F700E7EFEA /* ItsuDareGameTests */ = {
			isa = PBXNativeTarget;
			buildConfigurationList = CD2CC65926C3C9F800E7EFEA /* Build configuration list for PBXNativeTarget "ItsuDareGameTests" */;
			buildPhases = (
				CD2CC63E26C3C9F700E7EFEA /* Sources */,
				CD2CC63F26C3C9F700E7EFEA /* Frameworks */,
				CD2CC64026C3C9F700E7EFEA /* Resources */,
			);
			buildRules = (
			);
			dependencies = (
				CD2CC64426C3C9F800E7EFEA /* PBXTargetDependency */,
			);
			name = ItsuDareGameTests;
			productName = ItsuDareGameTests;
			productReference = CD2CC64226C3C9F800E7EFEA /* ItsuDareGameTests.xctest */;
			productType = "com.apple.product-type.bundle.unit-test";
		};
		CD2CC64C26C3C9F800E7EFEA /* ItsuDareGameUITests */ = {
			isa = PBXNativeTarget;
			buildConfigurationList = CD2CC65C26C3C9F800E7EFEA /* Build configuration list for PBXNativeTarget "ItsuDareGameUITests" */;
			buildPhases = (
				CD2CC64926C3C9F800E7EFEA /* Sources */,
				CD2CC64A26C3C9F800E7EFEA /* Frameworks */,
				CD2CC64B26C3C9F800E7EFEA /* Resources */,
			);
			buildRules = (
			);
			dependencies = (
				CD2CC64F26C3C9F800E7EFEA /* PBXTargetDependency */,
			);
			name = ItsuDareGameUITests;
			productName = ItsuDareGameUITests;
			productReference = CD2CC64D26C3C9F800E7EFEA /* ItsuDareGameUITests.xctest */;
			productType = "com.apple.product-type.bundle.ui-testing";
		};
/* End PBXNativeTarget section */

/* Begin PBXProject section */
		CD2CC62426C3C9F600E7EFEA /* Project object */ = {
			isa = PBXProject;
			attributes = {
				LastSwiftUpdateCheck = 1250;
				LastUpgradeCheck = 1250;
				TargetAttributes = {
					CD2CC62B26C3C9F600E7EFEA = {
						CreatedOnToolsVersion = 12.5.1;
					};
					CD2CC64126C3C9F700E7EFEA = {
						CreatedOnToolsVersion = 12.5.1;
						TestTargetID = CD2CC62B26C3C9F600E7EFEA;
					};
					CD2CC64C26C3C9F800E7EFEA = {
						CreatedOnToolsVersion = 12.5.1;
						TestTargetID = CD2CC62B26C3C9F600E7EFEA;
					};
				};
			};
			buildConfigurationList = CD2CC62726C3C9F600E7EFEA /* Build configuration list for PBXProject "ItsuDareGame" */;
			compatibilityVersion = "Xcode 9.3";
			developmentRegion = en;
			hasScannedForEncodings = 0;
			knownRegions = (
				en,
				Base,
			);
			mainGroup = CD2CC62326C3C9F600E7EFEA;
			productRefGroup = CD2CC62D26C3C9F600E7EFEA /* Products */;
			projectDirPath = "";
			projectRoot = "";
			targets = (
				CD2CC62B26C3C9F600E7EFEA /* ItsuDareGame */,
				CD2CC64126C3C9F700E7EFEA /* ItsuDareGameTests */,
				CD2CC64C26C3C9F800E7EFEA /* ItsuDareGameUITests */,
			);
		};
/* End PBXProject section */

/* Begin PBXResourcesBuildPhase section */
		CD2CC62A26C3C9F600E7EFEA /* Resources */ = {
			isa = PBXResourcesBuildPhase;
			buildActionMask = 2147483647;
			files = (
				CD2CC63C26C3C9F700E7EFEA /* LaunchScreen.storyboard in Resources */,
				CD2CC63926C3C9F700E7EFEA /* Assets.xcassets in Resources */,
				CD2CC63726C3C9F600E7EFEA /* Main.storyboard in Resources */,
			);
			runOnlyForDeploymentPostprocessing = 0;
		};
		CD2CC64026C3C9F700E7EFEA /* Resources */ = {
			isa = PBXResourcesBuildPhase;
			buildActionMask = 2147483647;
			files = (
			);
			runOnlyForDeploymentPostprocessing = 0;
		};
		CD2CC64B26C3C9F800E7EFEA /* Resources */ = {
			isa = PBXResourcesBuildPhase;
			buildActionMask = 2147483647;
			files = (
			);
			runOnlyForDeploymentPostprocessing = 0;
		};
/* End PBXResourcesBuildPhase section */

/* Begin PBXSourcesBuildPhase section */
		CD2CC62826C3C9F600E7EFEA /* Sources */ = {
			isa = PBXSourcesBuildPhase;
			buildActionMask = 2147483647;
			files = (
				CD2CC63426C3C9F600E7EFEA /* ViewController.swift in Sources */,
				CD2CC63026C3C9F600E7EFEA /* AppDelegate.swift in Sources */,
				CD2CC63226C3C9F600E7EFEA /* SceneDelegate.swift in Sources */,
			);
			runOnlyForDeploymentPostprocessing = 0;
		};
		CD2CC63E26C3C9F700E7EFEA /* Sources */ = {
			isa = PBXSourcesBuildPhase;
			buildActionMask = 2147483647;
			files = (
				CD2CC64726C3C9F800E7EFEA /* ItsuDareGameTests.swift in Sources */,
			);
			runOnlyForDeploymentPostprocessing = 0;
		};
		CD2CC64926C3C9F800E7EFEA /* Sources */ = {
			isa = PBXSourcesBuildPhase;
			buildActionMask = 2147483647;
			files = (
				CD2CC65226C3C9F800E7EFEA /* ItsuDareGameUITests.swift in Sources */,
			);
			runOnlyForDeploymentPostprocessing = 0;
		};
/* End PBXSourcesBuildPhase section */

/* Begin PBXTargetDependency section */
		CD2CC64426C3C9F800E7EFEA /* PBXTargetDependency */ = {
			isa = PBXTargetDependency;
			target = CD2CC62B26C3C9F600E7EFEA /* ItsuDareGame */;
			targetProxy = CD2CC64326C3C9F800E7EFEA /* PBXContainerItemProxy */;
		};
		CD2CC64F26C3C9F800E7EFEA /* PBXTargetDependency */ = {
			isa = PBXTargetDependency;
			target = CD2CC62B26C3C9F600E7EFEA /* ItsuDareGame */;
			targetProxy = CD2CC64E26C3C9F800E7EFEA /* PBXContainerItemProxy */;
		};
/* End PBXTargetDependency section */

/* Begin PBXVariantGroup section */
		CD2CC63526C3C9F600E7EFEA /* Main.storyboard */ = {
			isa = PBXVariantGroup;
			children = (
				CD2CC63626C3C9F600E7EFEA /* Base */,
			);
			name = Main.storyboard;
			sourceTree = "<group>";
		};
		CD2CC63A26C3C9F700E7EFEA /* LaunchScreen.storyboard */ = {
			isa = PBXVariantGroup;
			children = (
				CD2CC63B26C3C9F700E7EFEA /* Base */,
			);
			name = LaunchScreen.storyboard;
			sourceTree = "<group>";
		};
/* End PBXVariantGroup section */

/* Begin XCBuildConfiguration section */
		CD2CC65426C3C9F800E7EFEA /* Debug */ = {
			isa = XCBuildConfiguration;
			buildSettings = {
				ALWAYS_SEARCH_USER_PATHS = NO;
				CLANG_ANALYZER_NONNULL = YES;
				CLANG_ANALYZER_NUMBER_OBJECT_CONVERSION = YES_AGGRESSIVE;
				CLANG_CXX_LANGUAGE_STANDARD = "gnu++14";
				CLANG_CXX_LIBRARY = "libc++";
				CLANG_ENABLE_MODULES = YES;
				CLANG_ENABLE_OBJC_ARC = YES;
				CLANG_ENABLE_OBJC_WEAK = YES;
				CLANG_WARN_BLOCK_CAPTURE_AUTORELEASING = YES;
				CLANG_WARN_BOOL_CONVERSION = YES;
				CLANG_WARN_COMMA = YES;
				CLANG_WARN_CONSTANT_CONVERSION = YES;
				CLANG_WARN_DEPRECATED_OBJC_IMPLEMENTATIONS = YES;
				CLANG_WARN_DIRECT_OBJC_ISA_USAGE = YES_ERROR;
				CLANG_WARN_DOCUMENTATION_COMMENTS = YES;
				CLANG_WARN_EMPTY_BODY = YES;
				CLANG_WARN_ENUM_CONVERSION = YES;
				CLANG_WARN_INFINITE_RECURSION = YES;
				CLANG_WARN_INT_CONVERSION = YES;
				CLANG_WARN_NON_LITERAL_NULL_CONVERSION = YES;
				CLANG_WARN_OBJC_IMPLICIT_RETAIN_SELF = YES;
				CLANG_WARN_OBJC_LITERAL_CONVERSION = YES;
				CLANG_WARN_OBJC_ROOT_CLASS = YES_ERROR;
				CLANG_WARN_QUOTED_INCLUDE_IN_FRAMEWORK_HEADER = YES;
				CLANG_WARN_RANGE_LOOP_ANALYSIS = YES;
				CLANG_WARN_STRICT_PROTOTYPES = YES;
				CLANG_WARN_SUSPICIOUS_MOVE = YES;
				CLANG_WARN_UNGUARDED_AVAILABILITY = YES_AGGRESSIVE;
				CLANG_WARN_UNREACHABLE_CODE = YES;
				CLANG_WARN__DUPLICATE_METHOD_MATCH = YES;
				COPY_PHASE_STRIP = NO;
				DEBUG_INFORMATION_FORMAT = dwarf;
				ENABLE_STRICT_OBJC_MSGSEND = YES;
				ENABLE_TESTABILITY = YES;
				GCC_C_LANGUAGE_STANDARD = gnu11;
				GCC_DYNAMIC_NO_PIC = NO;
				GCC_NO_COMMON_BLOCKS = YES;
				GCC_OPTIMIZATION_LEVEL = 0;
				GCC_PREPROCESSOR_DEFINITIONS = (
					"DEBUG=1",
					"$(inherited)",
				);
				GCC_WARN_64_TO_32_BIT_CONVERSION = YES;
				GCC_WARN_ABOUT_RETURN_TYPE = YES_ERROR;
				GCC_WARN_UNDECLARED_SELECTOR = YES;
				GCC_WARN_UNINITIALIZED_AUTOS = YES_AGGRESSIVE;
				GCC_WARN_UNUSED_FUNCTION = YES;
				GCC_WARN_UNUSED_VARIABLE = YES;
				IPHONEOS_DEPLOYMENT_TARGET = 14.5;
				MTL_ENABLE_DEBUG_INFO = INCLUDE_SOURCE;
				MTL_FAST_MATH = YES;
				ONLY_ACTIVE_ARCH = YES;
				SDKROOT = iphoneos;
				SWIFT_ACTIVE_COMPILATION_CONDITIONS = DEBUG;
				SWIFT_OPTIMIZATION_LEVEL = "-Onone";
			};
			name = Debug;
		};
		CD2CC65526C3C9F800E7EFEA /* Release */ = {
			isa = XCBuildConfiguration;
			buildSettings = {
				ALWAYS_SEARCH_USER_PATHS = NO;
				CLANG_ANALYZER_NONNULL = YES;
				CLANG_ANALYZER_NUMBER_OBJECT_CONVERSION = YES_AGGRESSIVE;
				CLANG_CXX_LANGUAGE_STANDARD = "gnu++14";
				CLANG_CXX_LIBRARY = "libc++";
				CLANG_ENABLE_MODULES = YES;
				CLANG_ENABLE_OBJC_ARC = YES;
				CLANG_ENABLE_OBJC_WEAK = YES;
				CLANG_WARN_BLOCK_CAPTURE_AUTORELEASING = YES;
				CLANG_WARN_BOOL_CONVERSION = YES;
				CLANG_WARN_COMMA = YES;
				CLANG_WARN_CONSTANT_CONVERSION = YES;
				CLANG_WARN_DEPRECATED_OBJC_IMPLEMENTATIONS = YES;
				CLANG_WARN_DIRECT_OBJC_ISA_USAGE = YES_ERROR;
				CLANG_WARN_DOCUMENTATION_COMMENTS = YES;
				CLANG_WARN_EMPTY_BODY = YES;
				CLANG_WARN_ENUM_CONVERSION = YES;
				CLANG_WARN_INFINITE_RECURSION = YES;
				CLANG_WARN_INT_CONVERSION = YES;
				CLANG_WARN_NON_LITERAL_NULL_CONVERSION = YES;
				CLANG_WARN_OBJC_IMPLICIT_RETAIN_SELF = YES;
				CLANG_WARN_OBJC_LITERAL_CONVERSION = YES;
				CLANG_WARN_OBJC_ROOT_CLASS = YES_ERROR;
				CLANG_WARN_QUOTED_INCLUDE_IN_FRAMEWORK_HEADER = YES;
				CLANG_WARN_RANGE_LOOP_ANALYSIS = YES;
				CLANG_WARN_STRICT_PROTOTYPES = YES;
				CLANG_WARN_SUSPICIOUS_MOVE = YES;
				CLANG_WARN_UNGUARDED_AVAILABILITY = YES_AGGRESSIVE;
				CLANG_WARN_UNREACHABLE_CODE = YES;
				CLANG_WARN__DUPLICATE_METHOD_MATCH = YES;
				COPY_PHASE_STRIP = NO;
				DEBUG_INFORMATION_FORMAT = "dwarf-with-dsym";
				ENABLE_NS_ASSERTIONS = NO;
				ENABLE_STRICT_OBJC_MSGSEND = YES;
				GCC_C_LANGUAGE_STANDARD = gnu11;
				GCC_NO_COMMON_BLOCKS = YES;
				GCC_WARN_64_TO_32_BIT_CONVERSION = YES;
				GCC_WARN_ABOUT_RETURN_TYPE = YES_ERROR;
				GCC_WARN_UNDECLARED_SELECTOR = YES;
				GCC_WARN_UNINITIALIZED_AUTOS = YES_AGGRESSIVE;
				GCC_WARN_UNUSED_FUNCTION = YES;
				GCC_WARN_UNUSED_VARIABLE = YES;
				IPHONEOS_DEPLOYMENT_TARGET = 14.5;
				MTL_ENABLE_DEBUG_INFO = NO;
				MTL_FAST_MATH = YES;
				SDKROOT = iphoneos;
				SWIFT_COMPILATION_MODE = wholemodule;
				SWIFT_OPTIMIZATION_LEVEL = "-O";
				VALIDATE_PRODUCT = YES;
			};
			name = Release;
		};
		CD2CC65726C3C9F800E7EFEA /* Debug */ = {
			isa = XCBuildConfiguration;
			buildSettings = {
				ASSETCATALOG_COMPILER_APPICON_NAME = AppIcon;
				ASSETCATALOG_COMPILER_GLOBAL_ACCENT_COLOR_NAME = AccentColor;
				CODE_SIGN_STYLE = Automatic;
				INFOPLIST_FILE = ItsuDareGame/Info.plist;
				LD_RUNPATH_SEARCH_PATHS = (
					"$(inherited)",
					"@executable_path/Frameworks",
				);
				PRODUCT_BUNDLE_IDENTIFIER = com.litech.ItsuDareGame;
				PRODUCT_NAME = "$(TARGET_NAME)";
				SWIFT_VERSION = 5.0;
				TARGETED_DEVICE_FAMILY = "1,2";
			};
			name = Debug;
		};
		CD2CC65826C3C9F800E7EFEA /* Release */ = {
			isa = XCBuildConfiguration;
			buildSettings = {
				ASSETCATALOG_COMPILER_APPICON_NAME = AppIcon;
				ASSETCATALOG_COMPILER_GLOBAL_ACCENT_COLOR_NAME = AccentColor;
				CODE_SIGN_STYLE = Automatic;
				INFOPLIST_FILE = ItsuDareGame/Info.plist;
				LD_RUNPATH_SEARCH_PATHS = (
					"$(inherited)",
					"@executable_path/Frameworks",
				);
				PRODUCT_BUNDLE_IDENTIFIER = com.litech.ItsuDareGame;
				PRODUCT_NAME = "$(TARGET_NAME)";
				SWIFT_VERSION = 5.0;
				TARGETED_DEVICE_FAMILY = "1,2";
			};
			name = Release;
		};
		CD2CC65A26C3C9F800E7EFEA /* Debug */ = {
			isa = XCBuildConfiguration;
			buildSettings = {
				ALWAYS_EMBED_SWIFT_STANDARD_LIBRARIES = YES;
				BUNDLE_LOADER = "$(TEST_HOST)";
				CODE_SIGN_STYLE = Automatic;
				INFOPLIST_FILE = ItsuDareGameTests/Info.plist;
				IPHONEOS_DEPLOYMENT_TARGET = 14.5;
				LD_RUNPATH_SEARCH_PATHS = (
					"$(inherited)",
					"@executable_path/Frameworks",
					"@loader_path/Frameworks",
				);
				PRODUCT_BUNDLE_IDENTIFIER = com.litech.ItsuDareGameTests;
				PRODUCT_NAME = "$(TARGET_NAME)";
				SWIFT_VERSION = 5.0;
				TARGETED_DEVICE_FAMILY = "1,2";
				TEST_HOST = "$(BUILT_PRODUCTS_DIR)/ItsuDareGame.app/ItsuDareGame";
			};
			name = Debug;
		};
		CD2CC65B26C3C9F800E7EFEA /* Release */ = {
			isa = XCBuildConfiguration;
			buildSettings = {
				ALWAYS_EMBED_SWIFT_STANDARD_LIBRARIES = YES;
				BUNDLE_LOADER = "$(TEST_HOST)";
				CODE_SIGN_STYLE = Automatic;
				INFOPLIST_FILE = ItsuDareGameTests/Info.plist;
				IPHONEOS_DEPLOYMENT_TARGET = 14.5;
				LD_RUNPATH_SEARCH_PATHS = (
					"$(inherited)",
					"@executable_path/Frameworks",
					"@loader_path/Frameworks",
				);
				PRODUCT_BUNDLE_IDENTIFIER = com.litech.ItsuDareGameTests;
				PRODUCT_NAME = "$(TARGET_NAME)";
				SWIFT_VERSION = 5.0;
				TARGETED_DEVICE_FAMILY = "1,2";
				TEST_HOST = "$(BUILT_PRODUCTS_DIR)/ItsuDareGame.app/ItsuDareGame";
			};
			name = Release;
		};
		CD2CC65D26C3C9F800E7EFEA /* Debug */ = {
			isa = XCBuildConfiguration;
			buildSettings = {
				ALWAYS_EMBED_SWIFT_STANDARD_LIBRARIES = YES;
				CODE_SIGN_STYLE = Automatic;
				INFOPLIST_FILE = ItsuDareGameUITests/Info.plist;
				LD_RUNPATH_SEARCH_PATHS = (
					"$(inherited)",
					"@executable_path/Frameworks",
					"@loader_path/Frameworks",
				);
				PRODUCT_BUNDLE_IDENTIFIER = com.litech.ItsuDareGameUITests;
				PRODUCT_NAME = "$(TARGET_NAME)";
				SWIFT_VERSION = 5.0;
				TARGETED_DEVICE_FAMILY = "1,2";
				TEST_TARGET_NAME = ItsuDareGame;
			};
			name = Debug;
		};
		CD2CC65E26C3C9F800E7EFEA /* Release */ = {
			isa = XCBuildConfiguration;
			buildSettings = {
				ALWAYS_EMBED_SWIFT_STANDARD_LIBRARIES = YES;
				CODE_SIGN_STYLE = Automatic;
				INFOPLIST_FILE = ItsuDareGameUITests/Info.plist;
				LD_RUNPATH_SEARCH_PATHS = (
					"$(inherited)",
					"@executable_path/Frameworks",
					"@loader_path/Frameworks",
				);
				PRODUCT_BUNDLE_IDENTIFIER = com.litech.ItsuDareGameUITests;
				PRODUCT_NAME = "$(TARGET_NAME)";
				SWIFT_VERSION = 5.0;
				TARGETED_DEVICE_FAMILY = "1,2";
				TEST_TARGET_NAME = ItsuDareGame;
			};
			name = Release;
		};
/* End XCBuildConfiguration section */

/* Begin XCConfigurationList section */
		CD2CC62726C3C9F600E7EFEA /* Build configuration list for PBXProject "ItsuDareGame" */ = {
			isa = XCConfigurationList;
			buildConfigurations = (
				CD2CC65426C3C9F800E7EFEA /* Debug */,
				CD2CC65526C3C9F800E7EFEA /* Release */,
			);
			defaultConfigurationIsVisible = 0;
			defaultConfigurationName = Release;
		};
		CD2CC65626C3C9F800E7EFEA /* Build configuration list for PBXNativeTarget "ItsuDareGame" */ = {
			isa = XCConfigurationList;
			buildConfigurations = (
				CD2CC65726C3C9F800E7EFEA /* Debug */,
				CD2CC65826C3C9F800E7EFEA /* Release */,
			);
			defaultConfigurationIsVisible = 0;
			defaultConfigurationName = Release;
		};
		CD2CC65926C3C9F800E7EFEA /* Build configuration list for PBXNativeTarget "ItsuDareGameTests" */ = {
			isa = XCConfigurationList;
			buildConfigurations = (
				CD2CC65A26C3C9F800E7EFEA /* Debug */,
				CD2CC65B26C3C9F800E7EFEA /* Release */,
			);
			defaultConfigurationIsVisible = 0;
			defaultConfigurationName = Release;
		};
		CD2CC65C26C3C9F800E7EFEA /* Build configuration list for PBXNativeTarget "ItsuDareGameUITests" */ = {
			isa = XCConfigurationList;
			buildConfigurations = (
				CD2CC65D26C3C9F800E7EFEA /* Debug */,
				CD2CC65E26C3C9F800E7EFEA /* Release */,
			);
			defaultConfigurationIsVisible = 0;
			defaultConfigurationName = Release;
		};
/* End XCConfigurationList section */
	};
	rootObject = CD2CC62426C3C9F600E7EFEA /* Project object */;
}
